PODS:
  - tinycbor (0.5.3-alpha1)
  - TinyCborObjc (0.2.0):
    - tinycbor (= 0.5.3-alpha1)

DEPENDENCIES:
  - TinyCborObjc (from `../`)

SPEC REPOS:
  https://github.com/cocoapods/specs.git:
    - tinycbor

EXTERNAL SOURCES:
  TinyCborObjc:
    :path: "../"

SPEC CHECKSUMS:
  tinycbor: 81999417a2c8ee8c4a7651738a11ad0711c82935
  TinyCborObjc: 4015bc81d0a5fa24db19d04325f745bdb425c037

PODFILE CHECKSUM: 7906639d06b25ad7670577bdf80c3239ba2a72a5

COCOAPODS: 1.5.3
