PODS:
  - tinycbor (0.5.3-alpha3)
  - TinyCborObjc (0.3.1):
    - tinycbor (= 0.5.3-alpha3)

DEPENDENCIES:
  - TinyCborObjc (from `../`)

SPEC REPOS:
  https://github.com/cocoapods/specs.git:
    - tinycbor

EXTERNAL SOURCES:
  TinyCborObjc:
    :path: "../"

SPEC CHECKSUMS:
  tinycbor: f3596b9acc8493b19c9e0cc2d0417d9c7aa58daa
  TinyCborObjc: b258fee77e6807b8d1dc500f491085c9893a8ab6

PODFILE CHECKSUM: 7906639d06b25ad7670577bdf80c3239ba2a72a5

COCOAPODS: 1.6.1
